// !$*UTF8*$!
{
	archiveVersion = 1;
	classes = {
	};
	objectVersion = 50;
	objects = {

/* Begin PBXBuildFile section */
		5D597A55297C5F7000AEB7A1 /* AppDelegate.swift in Sources */ = {isa = PBXBuildFile; fileRef = 5D597A54297C5F7000AEB7A1 /* AppDelegate.swift */; };
		5D597A57297C5F7000AEB7A1 /* SceneDelegate.swift in Sources */ = {isa = PBXBuildFile; fileRef = 5D597A56297C5F7000AEB7A1 /* SceneDelegate.swift */; };
		5D597A5F297C5F7000AEB7A1 /* DoctorsApp.xcdatamodeld in Sources */ = {isa = PBXBuildFile; fileRef = 5D597A5D297C5F7000AEB7A1 /* DoctorsApp.xcdatamodeld */; };
		5D597A61297C5F7D00AEB7A1 /* Assets.xcassets in Resources */ = {isa = PBXBuildFile; fileRef = 5D597A60297C5F7D00AEB7A1 /* Assets.xcassets */; };
		5D597A64297C5F7D00AEB7A1 /* LaunchScreen.storyboard in Resources */ = {isa = PBXBuildFile; fileRef = 5D597A62297C5F7D00AEB7A1 /* LaunchScreen.storyboard */; };
		5D597A6F297C5F7D00AEB7A1 /* DoctorsAppTests.swift in Sources */ = {isa = PBXBuildFile; fileRef = 5D597A6E297C5F7D00AEB7A1 /* DoctorsAppTests.swift */; };
		5D597A7A297C5F7E00AEB7A1 /* DoctorsAppUITests.swift in Sources */ = {isa = PBXBuildFile; fileRef = 5D597A79297C5F7E00AEB7A1 /* DoctorsAppUITests.swift */; };
		5D597A91297C623F00AEB7A1 /* HomeVC.swift in Sources */ = {isa = PBXBuildFile; fileRef = 5D597A90297C623F00AEB7A1 /* HomeVC.swift */; };
		5D597A9F297C66D700AEB7A1 /* ext_color.swift in Sources */ = {isa = PBXBuildFile; fileRef = 5D597A9E297C66D700AEB7A1 /* ext_color.swift */; };
		5D597AA4297C7AC500AEB7A1 /* ext_view.swift in Sources */ = {isa = PBXBuildFile; fileRef = 5D597AA3297C7AC500AEB7A1 /* ext_view.swift */; };
		5D597AA9297C7B1600AEB7A1 /* ext_autolay.swift in Sources */ = {isa = PBXBuildFile; fileRef = 5D597AA8297C7B1600AEB7A1 /* ext_autolay.swift */; };
		5D597AAE297C83B200AEB7A1 /* ext_button.swift in Sources */ = {isa = PBXBuildFile; fileRef = 5D597AAD297C83B200AEB7A1 /* ext_button.swift */; };
		5D69DBAF297DB65500D79171 /* exr_label.swift in Sources */ = {isa = PBXBuildFile; fileRef = 5D69DBAE297DB65500D79171 /* exr_label.swift */; };
		5D69DBC2297DD94100D79171 /* ext_images.swift in Sources */ = {isa = PBXBuildFile; fileRef = 5D69DBC1297DD94100D79171 /* ext_images.swift */; };
		5D69DBC7297DE70000D79171 /* ext_stackView.swift in Sources */ = {isa = PBXBuildFile; fileRef = 5D69DBC6297DE70000D79171 /* ext_stackView.swift */; };
		5DD4F55F2985CAD4002CEA15 /* PetionetAppointmentRequiresDetailVC.swift in Sources */ = {isa = PBXBuildFile; fileRef = 5DD4F55E2985CAD4002CEA15 /* PetionetAppointmentRequiresDetailVC.swift */; };
/* End PBXBuildFile section */

/* Begin PBXContainerItemProxy section */
		5D597A6B297C5F7D00AEB7A1 /* PBXContainerItemProxy */ = {
			isa = PBXContainerItemProxy;
			containerPortal = 5D597A49297C5F7000AEB7A1 /* Project object */;
			proxyType = 1;
			remoteGlobalIDString = 5D597A50297C5F7000AEB7A1;
			remoteInfo = DoctorsApp;
		};
		5D597A76297C5F7E00AEB7A1 /* PBXContainerItemProxy */ = {
			isa = PBXContainerItemProxy;
			containerPortal = 5D597A49297C5F7000AEB7A1 /* Project object */;
			proxyType = 1;
			remoteGlobalIDString = 5D597A50297C5F7000AEB7A1;
			remoteInfo = DoctorsApp;
		};
/* End PBXContainerItemProxy section */

/* Begin PBXFileReference section */
		5D597A51297C5F7000AEB7A1 /* DoctorsApp.app */ = {isa = PBXFileReference; explicitFileType = wrapper.application; includeInIndex = 0; path = DoctorsApp.app; sourceTree = BUILT_PRODUCTS_DIR; };
		5D597A54297C5F7000AEB7A1 /* AppDelegate.swift */ = {isa = PBXFileReference; lastKnownFileType = sourcecode.swift; path = AppDelegate.swift; sourceTree = "<group>"; };
		5D597A56297C5F7000AEB7A1 /* SceneDelegate.swift */ = {isa = PBXFileReference; lastKnownFileType = sourcecode.swift; path = SceneDelegate.swift; sourceTree = "<group>"; };
		5D597A5E297C5F7000AEB7A1 /* DoctorsApp.xcdatamodel */ = {isa = PBXFileReference; lastKnownFileType = wrapper.xcdatamodel; path = DoctorsApp.xcdatamodel; sourceTree = "<group>"; };
		5D597A60297C5F7D00AEB7A1 /* Assets.xcassets */ = {isa = PBXFileReference; lastKnownFileType = folder.assetcatalog; path = Assets.xcassets; sourceTree = "<group>"; };
		5D597A63297C5F7D00AEB7A1 /* Base */ = {isa = PBXFileReference; lastKnownFileType = file.storyboard; name = Base; path = Base.lproj/LaunchScreen.storyboard; sourceTree = "<group>"; };
		5D597A65297C5F7D00AEB7A1 /* Info.plist */ = {isa = PBXFileReference; lastKnownFileType = text.plist.xml; path = Info.plist; sourceTree = "<group>"; };
		5D597A6A297C5F7D00AEB7A1 /* DoctorsAppTests.xctest */ = {isa = PBXFileReference; explicitFileType = wrapper.cfbundle; includeInIndex = 0; path = DoctorsAppTests.xctest; sourceTree = BUILT_PRODUCTS_DIR; };
		5D597A6E297C5F7D00AEB7A1 /* DoctorsAppTests.swift */ = {isa = PBXFileReference; lastKnownFileType = sourcecode.swift; path = DoctorsAppTests.swift; sourceTree = "<group>"; };
		5D597A70297C5F7D00AEB7A1 /* Info.plist */ = {isa = PBXFileReference; lastKnownFileType = text.plist.xml; path = Info.plist; sourceTree = "<group>"; };
		5D597A75297C5F7E00AEB7A1 /* DoctorsAppUITests.xctest */ = {isa = PBXFileReference; explicitFileType = wrapper.cfbundle; includeInIndex = 0; path = DoctorsAppUITests.xctest; sourceTree = BUILT_PRODUCTS_DIR; };
		5D597A79297C5F7E00AEB7A1 /* DoctorsAppUITests.swift */ = {isa = PBXFileReference; lastKnownFileType = sourcecode.swift; path = DoctorsAppUITests.swift; sourceTree = "<group>"; };
		5D597A7B297C5F7E00AEB7A1 /* Info.plist */ = {isa = PBXFileReference; lastKnownFileType = text.plist.xml; path = Info.plist; sourceTree = "<group>"; };
		5D597A90297C623F00AEB7A1 /* HomeVC.swift */ = {isa = PBXFileReference; lastKnownFileType = sourcecode.swift; path = HomeVC.swift; sourceTree = "<group>"; };
		5D597A9E297C66D700AEB7A1 /* ext_color.swift */ = {isa = PBXFileReference; lastKnownFileType = sourcecode.swift; path = ext_color.swift; sourceTree = "<group>"; };
		5D597AA3297C7AC500AEB7A1 /* ext_view.swift */ = {isa = PBXFileReference; lastKnownFileType = sourcecode.swift; path = ext_view.swift; sourceTree = "<group>"; };
		5D597AA8297C7B1600AEB7A1 /* ext_autolay.swift */ = {isa = PBXFileReference; lastKnownFileType = sourcecode.swift; path = ext_autolay.swift; sourceTree = "<group>"; };
		5D597AAD297C83B200AEB7A1 /* ext_button.swift */ = {isa = PBXFileReference; lastKnownFileType = sourcecode.swift; path = ext_button.swift; sourceTree = "<group>"; };
		5D69DBAE297DB65500D79171 /* exr_label.swift */ = {isa = PBXFileReference; lastKnownFileType = sourcecode.swift; path = exr_label.swift; sourceTree = "<group>"; };
		5D69DBB4297DB77500D79171 /* Lato-BlackItalic.ttf */ = {isa = PBXFileReference; lastKnownFileType = file; path = "Lato-BlackItalic.ttf"; sourceTree = "<group>"; };
		5D69DBB5297DB77600D79171 /* Lato-BoldItalic.ttf */ = {isa = PBXFileReference; lastKnownFileType = file; path = "Lato-BoldItalic.ttf"; sourceTree = "<group>"; };
		5D69DBB6297DB77600D79171 /* Lato-Bold.ttf */ = {isa = PBXFileReference; lastKnownFileType = file; path = "Lato-Bold.ttf"; sourceTree = "<group>"; };
		5D69DBB7297DB77600D79171 /* Lato-ThinItalic.ttf */ = {isa = PBXFileReference; lastKnownFileType = file; path = "Lato-ThinItalic.ttf"; sourceTree = "<group>"; };
		5D69DBB8297DB77600D79171 /* Lato-Thin.ttf */ = {isa = PBXFileReference; lastKnownFileType = file; path = "Lato-Thin.ttf"; sourceTree = "<group>"; };
		5D69DBB9297DB77600D79171 /* Lato-LightItalic.ttf */ = {isa = PBXFileReference; lastKnownFileType = file; path = "Lato-LightItalic.ttf"; sourceTree = "<group>"; };
		5D69DBBA297DB77600D79171 /* Lato-Italic.ttf */ = {isa = PBXFileReference; lastKnownFileType = file; path = "Lato-Italic.ttf"; sourceTree = "<group>"; };
		5D69DBBB297DB77600D79171 /* Lato-Light.ttf */ = {isa = PBXFileReference; lastKnownFileType = file; path = "Lato-Light.ttf"; sourceTree = "<group>"; };
		5D69DBBC297DB77700D79171 /* Lato-Regular.ttf */ = {isa = PBXFileReference; lastKnownFileType = file; path = "Lato-Regular.ttf"; sourceTree = "<group>"; };
		5D69DBBD297DB77700D79171 /* Lato-Black.ttf */ = {isa = PBXFileReference; lastKnownFileType = file; path = "Lato-Black.ttf"; sourceTree = "<group>"; };
		5D69DBC1297DD94100D79171 /* ext_images.swift */ = {isa = PBXFileReference; lastKnownFileType = sourcecode.swift; path = ext_images.swift; sourceTree = "<group>"; };
		5D69DBC6297DE70000D79171 /* ext_stackView.swift */ = {isa = PBXFileReference; lastKnownFileType = sourcecode.swift; path = ext_stackView.swift; sourceTree = "<group>"; };
		5DD4F55E2985CAD4002CEA15 /* PetionetAppointmentRequiresDetailVC.swift */ = {isa = PBXFileReference; lastKnownFileType = sourcecode.swift; path = PetionetAppointmentRequiresDetailVC.swift; sourceTree = "<group>"; };
/* End PBXFileReference section */

/* Begin PBXFrameworksBuildPhase section */
		5D597A4E297C5F7000AEB7A1 /* Frameworks */ = {
			isa = PBXFrameworksBuildPhase;
			buildActionMask = 2147483647;
			files = (
			);
			runOnlyForDeploymentPostprocessing = 0;
		};
		5D597A67297C5F7D00AEB7A1 /* Frameworks */ = {
			isa = PBXFrameworksBuildPhase;
			buildActionMask = 2147483647;
			files = (
			);
			runOnlyForDeploymentPostprocessing = 0;
		};
		5D597A72297C5F7E00AEB7A1 /* Frameworks */ = {
			isa = PBXFrameworksBuildPhase;
			buildActionMask = 2147483647;
			files = (
			);
			runOnlyForDeploymentPostprocessing = 0;
		};
/* End PBXFrameworksBuildPhase section */

/* Begin PBXGroup section */
		5D597A48297C5F7000AEB7A1 = {
			isa = PBXGroup;
			children = (
				5D597A53297C5F7000AEB7A1 /* DoctorsApp */,
				5D597A6D297C5F7D00AEB7A1 /* DoctorsAppTests */,
				5D597A78297C5F7E00AEB7A1 /* DoctorsAppUITests */,
				5D597A52297C5F7000AEB7A1 /* Products */,
			);
			sourceTree = "<group>";
		};
		5D597A52297C5F7000AEB7A1 /* Products */ = {
			isa = PBXGroup;
			children = (
				5D597A51297C5F7000AEB7A1 /* DoctorsApp.app */,
				5D597A6A297C5F7D00AEB7A1 /* DoctorsAppTests.xctest */,
				5D597A75297C5F7E00AEB7A1 /* DoctorsAppUITests.xctest */,
			);
			name = Products;
			sourceTree = "<group>";
		};
		5D597A53297C5F7000AEB7A1 /* DoctorsApp */ = {
			isa = PBXGroup;
			children = (
				5D597A9D297C64F600AEB7A1 /* Extentions */,
				5D597A9C297C64DB00AEB7A1 /* Animations */,
				5D597A9B297C647100AEB7A1 /* Network */,
				5D597A9A297C646100AEB7A1 /* Constents */,
				5D597A99297C63DE00AEB7A1 /* livecycles */,
				5D597A98297C63C900AEB7A1 /* Utilities */,
				5D597A95297C636800AEB7A1 /* Model */,
				5D597A96297C63AA00AEB7A1 /* View */,
				5D597A97297C63B100AEB7A1 /* ViewModel */,
				5D597A65297C5F7D00AEB7A1 /* Info.plist */,
				5D597A5D297C5F7000AEB7A1 /* DoctorsApp.xcdatamodeld */,
			);
			path = DoctorsApp;
			sourceTree = "<group>";
		};
		5D597A6D297C5F7D00AEB7A1 /* DoctorsAppTests */ = {
			isa = PBXGroup;
			children = (
				5D597A6E297C5F7D00AEB7A1 /* DoctorsAppTests.swift */,
				5D597A70297C5F7D00AEB7A1 /* Info.plist */,
			);
			path = DoctorsAppTests;
			sourceTree = "<group>";
		};
		5D597A78297C5F7E00AEB7A1 /* DoctorsAppUITests */ = {
			isa = PBXGroup;
			children = (
				5D597A79297C5F7E00AEB7A1 /* DoctorsAppUITests.swift */,
				5D597A7B297C5F7E00AEB7A1 /* Info.plist */,
			);
			path = DoctorsAppUITests;
			sourceTree = "<group>";
		};
		5D597A95297C636800AEB7A1 /* Model */ = {
			isa = PBXGroup;
			children = (
			);
			path = Model;
			sourceTree = "<group>";
		};
		5D597A96297C63AA00AEB7A1 /* View */ = {
			isa = PBXGroup;
			children = (
				5DACBA44297F44ED00E123DF /* CustomsCell */,
				5D597A90297C623F00AEB7A1 /* HomeVC.swift */,
				5DD4F55E2985CAD4002CEA15 /* PetionetAppointmentRequiresDetailVC.swift */,
			);
			path = View;
			sourceTree = "<group>";
		};
		5D597A97297C63B100AEB7A1 /* ViewModel */ = {
			isa = PBXGroup;
			children = (
			);
			path = ViewModel;
			sourceTree = "<group>";
		};
		5D597A98297C63C900AEB7A1 /* Utilities */ = {
			isa = PBXGroup;
			children = (
				5D69DBB3297DB76500D79171 /* Fonts */,
			);
			path = Utilities;
			sourceTree = "<group>";
		};
		5D597A99297C63DE00AEB7A1 /* livecycles */ = {
			isa = PBXGroup;
			children = (
				5D597A54297C5F7000AEB7A1 /* AppDelegate.swift */,
				5D597A56297C5F7000AEB7A1 /* SceneDelegate.swift */,
				5D597A60297C5F7D00AEB7A1 /* Assets.xcassets */,
				5D597A62297C5F7D00AEB7A1 /* LaunchScreen.storyboard */,
			);
			path = livecycles;
			sourceTree = "<group>";
		};
		5D597A9A297C646100AEB7A1 /* Constents */ = {
			isa = PBXGroup;
			children = (
			);
			path = Constents;
			sourceTree = "<group>";
		};
		5D597A9B297C647100AEB7A1 /* Network */ = {
			isa = PBXGroup;
			children = (
			);
			path = Network;
			sourceTree = "<group>";
		};
		5D597A9C297C64DB00AEB7A1 /* Animations */ = {
			isa = PBXGroup;
			children = (
			);
			path = Animations;
			sourceTree = "<group>";
		};
		5D597A9D297C64F600AEB7A1 /* Extentions */ = {
			isa = PBXGroup;
			children = (
				5D597A9E297C66D700AEB7A1 /* ext_color.swift */,
				5D597AA3297C7AC500AEB7A1 /* ext_view.swift */,
				5D597AA8297C7B1600AEB7A1 /* ext_autolay.swift */,
				5D597AAD297C83B200AEB7A1 /* ext_button.swift */,
				5D69DBAE297DB65500D79171 /* exr_label.swift */,
				5D69DBC1297DD94100D79171 /* ext_images.swift */,
				5D69DBC6297DE70000D79171 /* ext_stackView.swift */,
			);
			path = Extentions;
			sourceTree = "<group>";
		};
		5D69DBB3297DB76500D79171 /* Fonts */ = {
			isa = PBXGroup;
			children = (
				5D69DBBD297DB77700D79171 /* Lato-Black.ttf */,
				5D69DBB4297DB77500D79171 /* Lato-BlackItalic.ttf */,
				5D69DBB6297DB77600D79171 /* Lato-Bold.ttf */,
				5D69DBB5297DB77600D79171 /* Lato-BoldItalic.ttf */,
				5D69DBBA297DB77600D79171 /* Lato-Italic.ttf */,
				5D69DBBB297DB77600D79171 /* Lato-Light.ttf */,
				5D69DBB9297DB77600D79171 /* Lato-LightItalic.ttf */,
				5D69DBBC297DB77700D79171 /* Lato-Regular.ttf */,
				5D69DBB8297DB77600D79171 /* Lato-Thin.ttf */,
				5D69DBB7297DB77600D79171 /* Lato-ThinItalic.ttf */,
			);
			path = Fonts;
			sourceTree = "<group>";
		};
		5DACBA44297F44ED00E123DF /* CustomsCell */ = {
			isa = PBXGroup;
			children = (
			);
			path = CustomsCell;
			sourceTree = "<group>";
		};
/* End PBXGroup section */

/* Begin PBXNativeTarget section */
		5D597A50297C5F7000AEB7A1 /* DoctorsApp */ = {
			isa = PBXNativeTarget;
			buildConfigurationList = 5D597A7E297C5F7E00AEB7A1 /* Build configuration list for PBXNativeTarget "DoctorsApp" */;
			buildPhases = (
				5D597A4D297C5F7000AEB7A1 /* Sources */,
				5D597A4E297C5F7000AEB7A1 /* Frameworks */,
				5D597A4F297C5F7000AEB7A1 /* Resources */,
			);
			buildRules = (
			);
			dependencies = (
			);
			name = DoctorsApp;
			productName = DoctorsApp;
			productReference = 5D597A51297C5F7000AEB7A1 /* DoctorsApp.app */;
			productType = "com.apple.product-type.application";
		};
		5D597A69297C5F7D00AEB7A1 /* DoctorsAppTests */ = {
			isa = PBXNativeTarget;
			buildConfigurationList = 5D597A81297C5F7E00AEB7A1 /* Build configuration list for PBXNativeTarget "DoctorsAppTests" */;
			buildPhases = (
				5D597A66297C5F7D00AEB7A1 /* Sources */,
				5D597A67297C5F7D00AEB7A1 /* Frameworks */,
				5D597A68297C5F7D00AEB7A1 /* Resources */,
			);
			buildRules = (
			);
			dependencies = (
				5D597A6C297C5F7D00AEB7A1 /* PBXTargetDependency */,
			);
			name = DoctorsAppTests;
			productName = DoctorsAppTests;
			productReference = 5D597A6A297C5F7D00AEB7A1 /* DoctorsAppTests.xctest */;
			productType = "com.apple.product-type.bundle.unit-test";
		};
		5D597A74297C5F7E00AEB7A1 /* DoctorsAppUITests */ = {
			isa = PBXNativeTarget;
			buildConfigurationList = 5D597A84297C5F7E00AEB7A1 /* Build configuration list for PBXNativeTarget "DoctorsAppUITests" */;
			buildPhases = (
				5D597A71297C5F7E00AEB7A1 /* Sources */,
				5D597A72297C5F7E00AEB7A1 /* Frameworks */,
				5D597A73297C5F7E00AEB7A1 /* Resources */,
			);
			buildRules = (
			);
			dependencies = (
				5D597A77297C5F7E00AEB7A1 /* PBXTargetDependency */,
			);
			name = DoctorsAppUITests;
			productName = DoctorsAppUITests;
			productReference = 5D597A75297C5F7E00AEB7A1 /* DoctorsAppUITests.xctest */;
			productType = "com.apple.product-type.bundle.ui-testing";
		};
/* End PBXNativeTarget section */

/* Begin PBXProject section */
		5D597A49297C5F7000AEB7A1 /* Project object */ = {
			isa = PBXProject;
			attributes = {
				LastSwiftUpdateCheck = 1230;
				LastUpgradeCheck = 1230;
				TargetAttributes = {
					5D597A50297C5F7000AEB7A1 = {
						CreatedOnToolsVersion = 12.3;
					};
					5D597A69297C5F7D00AEB7A1 = {
						CreatedOnToolsVersion = 12.3;
						TestTargetID = 5D597A50297C5F7000AEB7A1;
					};
					5D597A74297C5F7E00AEB7A1 = {
						CreatedOnToolsVersion = 12.3;
						TestTargetID = 5D597A50297C5F7000AEB7A1;
					};
				};
			};
			buildConfigurationList = 5D597A4C297C5F7000AEB7A1 /* Build configuration list for PBXProject "DoctorsApp" */;
			compatibilityVersion = "Xcode 9.3";
			developmentRegion = en;
			hasScannedForEncodings = 0;
			knownRegions = (
				en,
				Base,
			);
			mainGroup = 5D597A48297C5F7000AEB7A1;
			productRefGroup = 5D597A52297C5F7000AEB7A1 /* Products */;
			projectDirPath = "";
			projectRoot = "";
			targets = (
				5D597A50297C5F7000AEB7A1 /* DoctorsApp */,
				5D597A69297C5F7D00AEB7A1 /* DoctorsAppTests */,
				5D597A74297C5F7E00AEB7A1 /* DoctorsAppUITests */,
			);
		};
/* End PBXProject section */

/* Begin PBXResourcesBuildPhase section */
		5D597A4F297C5F7000AEB7A1 /* Resources */ = {
			isa = PBXResourcesBuildPhase;
			buildActionMask = 2147483647;
			files = (
				5D597A64297C5F7D00AEB7A1 /* LaunchScreen.storyboard in Resources */,
				5D597A61297C5F7D00AEB7A1 /* Assets.xcassets in Resources */,
			);
			runOnlyForDeploymentPostprocessing = 0;
		};
		5D597A68297C5F7D00AEB7A1 /* Resources */ = {
			isa = PBXResourcesBuildPhase;
			buildActionMask = 2147483647;
			files = (
			);
			runOnlyForDeploymentPostprocessing = 0;
		};
		5D597A73297C5F7E00AEB7A1 /* Resources */ = {
			isa = PBXResourcesBuildPhase;
			buildActionMask = 2147483647;
			files = (
			);
			runOnlyForDeploymentPostprocessing = 0;
		};
/* End PBXResourcesBuildPhase section */

/* Begin PBXSourcesBuildPhase section */
		5D597A4D297C5F7000AEB7A1 /* Sources */ = {
			isa = PBXSourcesBuildPhase;
			buildActionMask = 2147483647;
			files = (
				5D69DBC7297DE70000D79171 /* ext_stackView.swift in Sources */,
				5D597A55297C5F7000AEB7A1 /* AppDelegate.swift in Sources */,
				5D597A91297C623F00AEB7A1 /* HomeVC.swift in Sources */,
				5DD4F55F2985CAD4002CEA15 /* PetionetAppointmentRequiresDetailVC.swift in Sources */,
				5D597AA4297C7AC500AEB7A1 /* ext_view.swift in Sources */,
				5D597A5F297C5F7000AEB7A1 /* DoctorsApp.xcdatamodeld in Sources */,
				5D597A57297C5F7000AEB7A1 /* SceneDelegate.swift in Sources */,
				5D69DBC2297DD94100D79171 /* ext_images.swift in Sources */,
				5D597A9F297C66D700AEB7A1 /* ext_color.swift in Sources */,
				5D597AA9297C7B1600AEB7A1 /* ext_autolay.swift in Sources */,
				5D69DBAF297DB65500D79171 /* exr_label.swift in Sources */,
				5D597AAE297C83B200AEB7A1 /* ext_button.swift in Sources */,
			);
			runOnlyForDeploymentPostprocessing = 0;
		};
		5D597A66297C5F7D00AEB7A1 /* Sources */ = {
			isa = PBXSourcesBuildPhase;
			buildActionMask = 2147483647;
			files = (
				5D597A6F297C5F7D00AEB7A1 /* DoctorsAppTests.swift in Sources */,
			);
			runOnlyForDeploymentPostprocessing = 0;
		};
		5D597A71297C5F7E00AEB7A1 /* Sources */ = {
			isa = PBXSourcesBuildPhase;
			buildActionMask = 2147483647;
			files = (
				5D597A7A297C5F7E00AEB7A1 /* DoctorsAppUITests.swift in Sources */,
			);
			runOnlyForDeploymentPostprocessing = 0;
		};
/* End PBXSourcesBuildPhase section */

/* Begin PBXTargetDependency section */
		5D597A6C297C5F7D00AEB7A1 /* PBXTargetDependency */ = {
			isa = PBXTargetDependency;
			target = 5D597A50297C5F7000AEB7A1 /* DoctorsApp */;
			targetProxy = 5D597A6B297C5F7D00AEB7A1 /* PBXContainerItemProxy */;
		};
		5D597A77297C5F7E00AEB7A1 /* PBXTargetDependency */ = {
			isa = PBXTargetDependency;
			target = 5D597A50297C5F7000AEB7A1 /* DoctorsApp */;
			targetProxy = 5D597A76297C5F7E00AEB7A1 /* PBXContainerItemProxy */;
		};
/* End PBXTargetDependency section */

/* Begin PBXVariantGroup section */
		5D597A62297C5F7D00AEB7A1 /* LaunchScreen.storyboard */ = {
			isa = PBXVariantGroup;
			children = (
				5D597A63297C5F7D00AEB7A1 /* Base */,
			);
			name = LaunchScreen.storyboard;
			sourceTree = "<group>";
		};
/* End PBXVariantGroup section */

/* Begin XCBuildConfiguration section */
		5D597A7C297C5F7E00AEB7A1 /* Debug */ = {
			isa = XCBuildConfiguration;
			buildSettings = {
				ALWAYS_SEARCH_USER_PATHS = NO;
				CLANG_ANALYZER_NONNULL = YES;
				CLANG_ANALYZER_NUMBER_OBJECT_CONVERSION = YES_AGGRESSIVE;
				CLANG_CXX_LANGUAGE_STANDARD = "gnu++14";
				CLANG_CXX_LIBRARY = "libc++";
				CLANG_ENABLE_MODULES = YES;
				CLANG_ENABLE_OBJC_ARC = YES;
				CLANG_ENABLE_OBJC_WEAK = YES;
				CLANG_WARN_BLOCK_CAPTURE_AUTORELEASING = YES;
				CLANG_WARN_BOOL_CONVERSION = YES;
				CLANG_WARN_COMMA = YES;
				CLANG_WARN_CONSTANT_CONVERSION = YES;
				CLANG_WARN_DEPRECATED_OBJC_IMPLEMENTATIONS = YES;
				CLANG_WARN_DIRECT_OBJC_ISA_USAGE = YES_ERROR;
				CLANG_WARN_DOCUMENTATION_COMMENTS = YES;
				CLANG_WARN_EMPTY_BODY = YES;
				CLANG_WARN_ENUM_CONVERSION = YES;
				CLANG_WARN_INFINITE_RECURSION = YES;
				CLANG_WARN_INT_CONVERSION = YES;
				CLANG_WARN_NON_LITERAL_NULL_CONVERSION = YES;
				CLANG_WARN_OBJC_IMPLICIT_RETAIN_SELF = YES;
				CLANG_WARN_OBJC_LITERAL_CONVERSION = YES;
				CLANG_WARN_OBJC_ROOT_CLASS = YES_ERROR;
				CLANG_WARN_QUOTED_INCLUDE_IN_FRAMEWORK_HEADER = YES;
				CLANG_WARN_RANGE_LOOP_ANALYSIS = YES;
				CLANG_WARN_STRICT_PROTOTYPES = YES;
				CLANG_WARN_SUSPICIOUS_MOVE = YES;
				CLANG_WARN_UNGUARDED_AVAILABILITY = YES_AGGRESSIVE;
				CLANG_WARN_UNREACHABLE_CODE = YES;
				CLANG_WARN__DUPLICATE_METHOD_MATCH = YES;
				COPY_PHASE_STRIP = NO;
				DEBUG_INFORMATION_FORMAT = dwarf;
				ENABLE_STRICT_OBJC_MSGSEND = YES;
				ENABLE_TESTABILITY = YES;
				GCC_C_LANGUAGE_STANDARD = gnu11;
				GCC_DYNAMIC_NO_PIC = NO;
				GCC_NO_COMMON_BLOCKS = YES;
				GCC_OPTIMIZATION_LEVEL = 0;
				GCC_PREPROCESSOR_DEFINITIONS = (
					"DEBUG=1",
					"$(inherited)",
				);
				GCC_WARN_64_TO_32_BIT_CONVERSION = YES;
				GCC_WARN_ABOUT_RETURN_TYPE = YES_ERROR;
				GCC_WARN_UNDECLARED_SELECTOR = YES;
				GCC_WARN_UNINITIALIZED_AUTOS = YES_AGGRESSIVE;
				GCC_WARN_UNUSED_FUNCTION = YES;
				GCC_WARN_UNUSED_VARIABLE = YES;
				IPHONEOS_DEPLOYMENT_TARGET = 14.3;
				MTL_ENABLE_DEBUG_INFO = INCLUDE_SOURCE;
				MTL_FAST_MATH = YES;
				ONLY_ACTIVE_ARCH = YES;
				SDKROOT = iphoneos;
				SWIFT_ACTIVE_COMPILATION_CONDITIONS = DEBUG;
				SWIFT_OPTIMIZATION_LEVEL = "-Onone";
			};
			name = Debug;
		};
		5D597A7D297C5F7E00AEB7A1 /* Release */ = {
			isa = XCBuildConfiguration;
			buildSettings = {
				ALWAYS_SEARCH_USER_PATHS = NO;
				CLANG_ANALYZER_NONNULL = YES;
				CLANG_ANALYZER_NUMBER_OBJECT_CONVERSION = YES_AGGRESSIVE;
				CLANG_CXX_LANGUAGE_STANDARD = "gnu++14";
				CLANG_CXX_LIBRARY = "libc++";
				CLANG_ENABLE_MODULES = YES;
				CLANG_ENABLE_OBJC_ARC = YES;
				CLANG_ENABLE_OBJC_WEAK = YES;
				CLANG_WARN_BLOCK_CAPTURE_AUTORELEASING = YES;
				CLANG_WARN_BOOL_CONVERSION = YES;
				CLANG_WARN_COMMA = YES;
				CLANG_WARN_CONSTANT_CONVERSION = YES;
				CLANG_WARN_DEPRECATED_OBJC_IMPLEMENTATIONS = YES;
				CLANG_WARN_DIRECT_OBJC_ISA_USAGE = YES_ERROR;
				CLANG_WARN_DOCUMENTATION_COMMENTS = YES;
				CLANG_WARN_EMPTY_BODY = YES;
				CLANG_WARN_ENUM_CONVERSION = YES;
				CLANG_WARN_INFINITE_RECURSION = YES;
				CLANG_WARN_INT_CONVERSION = YES;
				CLANG_WARN_NON_LITERAL_NULL_CONVERSION = YES;
				CLANG_WARN_OBJC_IMPLICIT_RETAIN_SELF = YES;
				CLANG_WARN_OBJC_LITERAL_CONVERSION = YES;
				CLANG_WARN_OBJC_ROOT_CLASS = YES_ERROR;
				CLANG_WARN_QUOTED_INCLUDE_IN_FRAMEWORK_HEADER = YES;
				CLANG_WARN_RANGE_LOOP_ANALYSIS = YES;
				CLANG_WARN_STRICT_PROTOTYPES = YES;
				CLANG_WARN_SUSPICIOUS_MOVE = YES;
				CLANG_WARN_UNGUARDED_AVAILABILITY = YES_AGGRESSIVE;
				CLANG_WARN_UNREACHABLE_CODE = YES;
				CLANG_WARN__DUPLICATE_METHOD_MATCH = YES;
				COPY_PHASE_STRIP = NO;
				DEBUG_INFORMATION_FORMAT = "dwarf-with-dsym";
				ENABLE_NS_ASSERTIONS = NO;
				ENABLE_STRICT_OBJC_MSGSEND = YES;
				GCC_C_LANGUAGE_STANDARD = gnu11;
				GCC_NO_COMMON_BLOCKS = YES;
				GCC_WARN_64_TO_32_BIT_CONVERSION = YES;
				GCC_WARN_ABOUT_RETURN_TYPE = YES_ERROR;
				GCC_WARN_UNDECLARED_SELECTOR = YES;
				GCC_WARN_UNINITIALIZED_AUTOS = YES_AGGRESSIVE;
				GCC_WARN_UNUSED_FUNCTION = YES;
				GCC_WARN_UNUSED_VARIABLE = YES;
				IPHONEOS_DEPLOYMENT_TARGET = 14.3;
				MTL_ENABLE_DEBUG_INFO = NO;
				MTL_FAST_MATH = YES;
				SDKROOT = iphoneos;
				SWIFT_COMPILATION_MODE = wholemodule;
				SWIFT_OPTIMIZATION_LEVEL = "-O";
				VALIDATE_PRODUCT = YES;
			};
			name = Release;
		};
		5D597A7F297C5F7E00AEB7A1 /* Debug */ = {
			isa = XCBuildConfiguration;
			buildSettings = {
				ASSETCATALOG_COMPILER_APPICON_NAME = AppIcon;
				ASSETCATALOG_COMPILER_GLOBAL_ACCENT_COLOR_NAME = AccentColor;
				CODE_SIGN_STYLE = Automatic;
				DEVELOPMENT_TEAM = 3B7FASUTN7;
				INFOPLIST_FILE = DoctorsApp/Info.plist;
				LD_RUNPATH_SEARCH_PATHS = (
					"$(inherited)",
					"@executable_path/Frameworks",
				);
				PRODUCT_BUNDLE_IDENTIFIER = com.rehan.DoctorsApp;
				PRODUCT_NAME = "$(TARGET_NAME)";
				SWIFT_VERSION = 5.0;
				TARGETED_DEVICE_FAMILY = "1,2";
			};
			name = Debug;
		};
		5D597A80297C5F7E00AEB7A1 /* Release */ = {
			isa = XCBuildConfiguration;
			buildSettings = {
				ASSETCATALOG_COMPILER_APPICON_NAME = AppIcon;
				ASSETCATALOG_COMPILER_GLOBAL_ACCENT_COLOR_NAME = AccentColor;
				CODE_SIGN_STYLE = Automatic;
				DEVELOPMENT_TEAM = 3B7FASUTN7;
				INFOPLIST_FILE = DoctorsApp/Info.plist;
				LD_RUNPATH_SEARCH_PATHS = (
					"$(inherited)",
					"@executable_path/Frameworks",
				);
				PRODUCT_BUNDLE_IDENTIFIER = com.rehan.DoctorsApp;
				PRODUCT_NAME = "$(TARGET_NAME)";
				SWIFT_VERSION = 5.0;
				TARGETED_DEVICE_FAMILY = "1,2";
			};
			name = Release;
		};
		5D597A82297C5F7E00AEB7A1 /* Debug */ = {
			isa = XCBuildConfiguration;
			buildSettings = {
				ALWAYS_EMBED_SWIFT_STANDARD_LIBRARIES = YES;
				BUNDLE_LOADER = "$(TEST_HOST)";
				CODE_SIGN_STYLE = Automatic;
				DEVELOPMENT_TEAM = 3B7FASUTN7;
				INFOPLIST_FILE = DoctorsAppTests/Info.plist;
				IPHONEOS_DEPLOYMENT_TARGET = 14.3;
				LD_RUNPATH_SEARCH_PATHS = (
					"$(inherited)",
					"@executable_path/Frameworks",
					"@loader_path/Frameworks",
				);
				PRODUCT_BUNDLE_IDENTIFIER = com.rehan.DoctorsAppTests;
				PRODUCT_NAME = "$(TARGET_NAME)";
				SWIFT_VERSION = 5.0;
				TARGETED_DEVICE_FAMILY = "1,2";
				TEST_HOST = "$(BUILT_PRODUCTS_DIR)/DoctorsApp.app/DoctorsApp";
			};
			name = Debug;
		};
		5D597A83297C5F7E00AEB7A1 /* Release */ = {
			isa = XCBuildConfiguration;
			buildSettings = {
				ALWAYS_EMBED_SWIFT_STANDARD_LIBRARIES = YES;
				BUNDLE_LOADER = "$(TEST_HOST)";
				CODE_SIGN_STYLE = Automatic;
				DEVELOPMENT_TEAM = 3B7FASUTN7;
				INFOPLIST_FILE = DoctorsAppTests/Info.plist;
				IPHONEOS_DEPLOYMENT_TARGET = 14.3;
				LD_RUNPATH_SEARCH_PATHS = (
					"$(inherited)",
					"@executable_path/Frameworks",
					"@loader_path/Frameworks",
				);
				PRODUCT_BUNDLE_IDENTIFIER = com.rehan.DoctorsAppTests;
				PRODUCT_NAME = "$(TARGET_NAME)";
				SWIFT_VERSION = 5.0;
				TARGETED_DEVICE_FAMILY = "1,2";
				TEST_HOST = "$(BUILT_PRODUCTS_DIR)/DoctorsApp.app/DoctorsApp";
			};
			name = Release;
		};
		5D597A85297C5F7E00AEB7A1 /* Debug */ = {
			isa = XCBuildConfiguration;
			buildSettings = {
				ALWAYS_EMBED_SWIFT_STANDARD_LIBRARIES = YES;
				CODE_SIGN_STYLE = Automatic;
				DEVELOPMENT_TEAM = 3B7FASUTN7;
				INFOPLIST_FILE = DoctorsAppUITests/Info.plist;
				LD_RUNPATH_SEARCH_PATHS = (
					"$(inherited)",
					"@executable_path/Frameworks",
					"@loader_path/Frameworks",
				);
				PRODUCT_BUNDLE_IDENTIFIER = com.rehan.DoctorsAppUITests;
				PRODUCT_NAME = "$(TARGET_NAME)";
				SWIFT_VERSION = 5.0;
				TARGETED_DEVICE_FAMILY = "1,2";
				TEST_TARGET_NAME = DoctorsApp;
			};
			name = Debug;
		};
		5D597A86297C5F7E00AEB7A1 /* Release */ = {
			isa = XCBuildConfiguration;
			buildSettings = {
				ALWAYS_EMBED_SWIFT_STANDARD_LIBRARIES = YES;
				CODE_SIGN_STYLE = Automatic;
				DEVELOPMENT_TEAM = 3B7FASUTN7;
				INFOPLIST_FILE = DoctorsAppUITests/Info.plist;
				LD_RUNPATH_SEARCH_PATHS = (
					"$(inherited)",
					"@executable_path/Frameworks",
					"@loader_path/Frameworks",
				);
				PRODUCT_BUNDLE_IDENTIFIER = com.rehan.DoctorsAppUITests;
				PRODUCT_NAME = "$(TARGET_NAME)";
				SWIFT_VERSION = 5.0;
				TARGETED_DEVICE_FAMILY = "1,2";
				TEST_TARGET_NAME = DoctorsApp;
			};
			name = Release;
		};
/* End XCBuildConfiguration section */

/* Begin XCConfigurationList section */
		5D597A4C297C5F7000AEB7A1 /* Build configuration list for PBXProject "DoctorsApp" */ = {
			isa = XCConfigurationList;
			buildConfigurations = (
				5D597A7C297C5F7E00AEB7A1 /* Debug */,
				5D597A7D297C5F7E00AEB7A1 /* Release */,
			);
			defaultConfigurationIsVisible = 0;
			defaultConfigurationName = Release;
		};
		5D597A7E297C5F7E00AEB7A1 /* Build configuration list for PBXNativeTarget "DoctorsApp" */ = {
			isa = XCConfigurationList;
			buildConfigurations = (
				5D597A7F297C5F7E00AEB7A1 /* Debug */,
				5D597A80297C5F7E00AEB7A1 /* Release */,
			);
			defaultConfigurationIsVisible = 0;
			defaultConfigurationName = Release;
		};
		5D597A81297C5F7E00AEB7A1 /* Build configuration list for PBXNativeTarget "DoctorsAppTests" */ = {
			isa = XCConfigurationList;
			buildConfigurations = (
				5D597A82297C5F7E00AEB7A1 /* Debug */,
				5D597A83297C5F7E00AEB7A1 /* Release */,
			);
			defaultConfigurationIsVisible = 0;
			defaultConfigurationName = Release;
		};
		5D597A84297C5F7E00AEB7A1 /* Build configuration list for PBXNativeTarget "DoctorsAppUITests" */ = {
			isa = XCConfigurationList;
			buildConfigurations = (
				5D597A85297C5F7E00AEB7A1 /* Debug */,
				5D597A86297C5F7E00AEB7A1 /* Release */,
			);
			defaultConfigurationIsVisible = 0;
			defaultConfigurationName = Release;
		};
/* End XCConfigurationList section */

/* Begin XCVersionGroup section */
		5D597A5D297C5F7000AEB7A1 /* DoctorsApp.xcdatamodeld */ = {
			isa = XCVersionGroup;
			children = (
				5D597A5E297C5F7000AEB7A1 /* DoctorsApp.xcdatamodel */,
			);
			currentVersion = 5D597A5E297C5F7000AEB7A1 /* DoctorsApp.xcdatamodel */;
			path = DoctorsApp.xcdatamodeld;
			sourceTree = "<group>";
			versionGroupType = wrapper.xcdatamodel;
		};
/* End XCVersionGroup section */
	};
	rootObject = 5D597A49297C5F7000AEB7A1 /* Project object */;
}
